// !$*UTF8*$!
{
	archiveVersion = 1;
	classes = {
	};
	objectVersion = 48;
	objects = {

/* Begin PBXBuildFile section */
		9CF118841FEF6CA200281579 /* SDL2.framework in Frameworks */ = {isa = PBXBuildFile; fileRef = 9CF1187E1FEF6C0600281579 /* SDL2.framework */; };
		9CF118851FEF6CA200281579 /* libfreetype.a in Frameworks */ = {isa = PBXBuildFile; fileRef = 9CF1187C1FEF6ADE00281579 /* libfreetype.a */; };
		9CF118861FEF6CA200281579 /* libpng16.a in Frameworks */ = {isa = PBXBuildFile; fileRef = 9CF1187A1FEF6AC900281579 /* libpng16.a */; };
		9CF1188F1FEF6E4500281579 /* layout.sj in Sources */ = {isa = PBXBuildFile; fileRef = 9CF1188E1FEF6E3C00281579 /* layout.sj */; };
		9CF118951FEF716B00281579 /* SDL2.framework in Frameworks */ = {isa = PBXBuildFile; fileRef = 9CF1187E1FEF6C0600281579 /* SDL2.framework */; };
		9CF118961FEF716B00281579 /* libfreetype.a in Frameworks */ = {isa = PBXBuildFile; fileRef = 9CF1187C1FEF6ADE00281579 /* libfreetype.a */; };
		9CF118971FEF716B00281579 /* libpng16.a in Frameworks */ = {isa = PBXBuildFile; fileRef = 9CF1187A1FEF6AC900281579 /* libpng16.a */; };
		9CF1189E1FEF717700281579 /* nau.sj in Sources */ = {isa = PBXBuildFile; fileRef = 9CF118901FEF715800281579 /* nau.sj */; };
		9CF118A51FEF71F000281579 /* SDL2.framework in Frameworks */ = {isa = PBXBuildFile; fileRef = 9CF1187E1FEF6C0600281579 /* SDL2.framework */; };
		9CF118A61FEF71F000281579 /* libfreetype.a in Frameworks */ = {isa = PBXBuildFile; fileRef = 9CF1187C1FEF6ADE00281579 /* libfreetype.a */; };
		9CF118A71FEF71F000281579 /* libpng16.a in Frameworks */ = {isa = PBXBuildFile; fileRef = 9CF1187A1FEF6AC900281579 /* libpng16.a */; };
		9CF118B21FEF71F100281579 /* SDL2.framework in Frameworks */ = {isa = PBXBuildFile; fileRef = 9CF1187E1FEF6C0600281579 /* SDL2.framework */; };
		9CF118B31FEF71F100281579 /* libfreetype.a in Frameworks */ = {isa = PBXBuildFile; fileRef = 9CF1187C1FEF6ADE00281579 /* libfreetype.a */; };
		9CF118B41FEF71F100281579 /* libpng16.a in Frameworks */ = {isa = PBXBuildFile; fileRef = 9CF1187A1FEF6AC900281579 /* libpng16.a */; };
		9CF118BB1FEF720900281579 /* effect.sj in Sources */ = {isa = PBXBuildFile; fileRef = 9CF1189F1FEF71E500281579 /* effect.sj */; };
		9CF118BC1FEF720F00281579 /* button.sj in Sources */ = {isa = PBXBuildFile; fileRef = 9CF118A01FEF71E500281579 /* button.sj */; };
/* End PBXBuildFile section */

/* Begin PBXBuildRule section */
		9CF1188D1FEF6DAC00281579 /* PBXBuildRule */ = {
			isa = PBXBuildRule;
			compilerSpec = com.apple.compilers.proxy.script;
			filePatterns = "*.sj";
			fileType = pattern.proxy;
			isEditable = 1;
			outputFiles = (
				"$(INPUT_FILE_BASE).c",
			);
			script = "pwd\necho $INPUT_FILE_BASE.c\n../../../sjc $INPUT_FILE_DIR/$INPUT_FILE_NAME --c-file $DERIVED_SOURCES_DIR/$INPUT_FILE_BASE.c";
		};
		9CF118991FEF716B00281579 /* PBXBuildRule */ = {
			isa = PBXBuildRule;
			compilerSpec = com.apple.compilers.proxy.script;
			filePatterns = "*.sj";
			fileType = pattern.proxy;
			isEditable = 1;
			outputFiles = (
				"$(INPUT_FILE_BASE).c",
			);
			script = "pwd\necho $INPUT_FILE_BASE.c\n../../../sjc $INPUT_FILE_DIR/$INPUT_FILE_NAME --c-file $DERIVED_SOURCES_DIR/$INPUT_FILE_BASE.c";
		};
		9CF118A91FEF71F000281579 /* PBXBuildRule */ = {
			isa = PBXBuildRule;
			compilerSpec = com.apple.compilers.proxy.script;
			filePatterns = "*.sj";
			fileType = pattern.proxy;
			isEditable = 1;
			outputFiles = (
				"$(INPUT_FILE_BASE).c",
			);
			script = "pwd\necho $INPUT_FILE_BASE.c\n../../../sjc $INPUT_FILE_DIR/$INPUT_FILE_NAME --c-file $DERIVED_SOURCES_DIR/$INPUT_FILE_BASE.c";
		};
		9CF118B61FEF71F100281579 /* PBXBuildRule */ = {
			isa = PBXBuildRule;
			compilerSpec = com.apple.compilers.proxy.script;
			filePatterns = "*.sj";
			fileType = pattern.proxy;
			isEditable = 1;
			outputFiles = (
				"$(INPUT_FILE_BASE).c",
			);
			script = "pwd\necho $INPUT_FILE_BASE.c\n../../../sjc $INPUT_FILE_DIR/$INPUT_FILE_NAME --c-file $DERIVED_SOURCES_DIR/$INPUT_FILE_BASE.c";
		};
/* End PBXBuildRule section */

/* Begin PBXCopyFilesBuildPhase section */
		9CF118871FEF6CA200281579 /* CopyFiles */ = {
			isa = PBXCopyFilesBuildPhase;
			buildActionMask = 2147483647;
			dstPath = /usr/share/man/man1/;
			dstSubfolderSpec = 0;
			files = (
			);
			runOnlyForDeploymentPostprocessing = 1;
		};
		9CF118981FEF716B00281579 /* CopyFiles */ = {
			isa = PBXCopyFilesBuildPhase;
			buildActionMask = 2147483647;
			dstPath = /usr/share/man/man1/;
			dstSubfolderSpec = 0;
			files = (
			);
			runOnlyForDeploymentPostprocessing = 1;
		};
		9CF118A81FEF71F000281579 /* CopyFiles */ = {
			isa = PBXCopyFilesBuildPhase;
			buildActionMask = 2147483647;
			dstPath = /usr/share/man/man1/;
			dstSubfolderSpec = 0;
			files = (
			);
			runOnlyForDeploymentPostprocessing = 1;
		};
		9CF118B51FEF71F100281579 /* CopyFiles */ = {
			isa = PBXCopyFilesBuildPhase;
			buildActionMask = 2147483647;
			dstPath = /usr/share/man/man1/;
			dstSubfolderSpec = 0;
			files = (
			);
			runOnlyForDeploymentPostprocessing = 1;
		};
/* End PBXCopyFilesBuildPhase section */

/* Begin PBXFileReference section */
		9CF1187A1FEF6AC900281579 /* libpng16.a */ = {isa = PBXFileReference; lastKnownFileType = archive.ar; name = libpng16.a; path = ../../../../../../../usr/local/Cellar/libpng/1.6.34/lib/libpng16.a; sourceTree = "<group>"; };
		9CF1187C1FEF6ADE00281579 /* libfreetype.a */ = {isa = PBXFileReference; lastKnownFileType = archive.ar; name = libfreetype.a; path = ../../../../../../../usr/local/Cellar/freetype/2.8.1/lib/libfreetype.a; sourceTree = "<group>"; };
		9CF1187E1FEF6C0600281579 /* SDL2.framework */ = {isa = PBXFileReference; lastKnownFileType = wrapper.framework; name = SDL2.framework; path = ../../../../../../../Library/Frameworks/SDL2.framework; sourceTree = "<group>"; };
		9CF1188B1FEF6CA200281579 /* layout */ = {isa = PBXFileReference; explicitFileType = "compiled.mach-o.executable"; includeInIndex = 0; path = layout; sourceTree = BUILT_PRODUCTS_DIR; };
		9CF1188E1FEF6E3C00281579 /* layout.sj */ = {isa = PBXFileReference; fileEncoding = 4; lastKnownFileType = text; name = layout.sj; path = ../layout.sj; sourceTree = "<group>"; };
		9CF118901FEF715800281579 /* nau.sj */ = {isa = PBXFileReference; fileEncoding = 4; lastKnownFileType = text; name = nau.sj; path = ../nau.sj; sourceTree = "<group>"; };
		9CF1189D1FEF716B00281579 /* nau */ = {isa = PBXFileReference; explicitFileType = "compiled.mach-o.executable"; includeInIndex = 0; path = nau; sourceTree = BUILT_PRODUCTS_DIR; };
		9CF1189F1FEF71E500281579 /* effect.sj */ = {isa = PBXFileReference; fileEncoding = 4; lastKnownFileType = text; name = effect.sj; path = ../effect.sj; sourceTree = "<group>"; };
		9CF118A01FEF71E500281579 /* button.sj */ = {isa = PBXFileReference; fileEncoding = 4; lastKnownFileType = text; name = button.sj; path = ../button.sj; sourceTree = "<group>"; };
		9CF118AD1FEF71F000281579 /* button */ = {isa = PBXFileReference; explicitFileType = "compiled.mach-o.executable"; includeInIndex = 0; path = button; sourceTree = BUILT_PRODUCTS_DIR; };
		9CF118BA1FEF71F100281579 /* effect */ = {isa = PBXFileReference; explicitFileType = "compiled.mach-o.executable"; includeInIndex = 0; path = effect; sourceTree = BUILT_PRODUCTS_DIR; };
/* End PBXFileReference section */

/* Begin PBXFrameworksBuildPhase section */
		9CF118831FEF6CA200281579 /* Frameworks */ = {
			isa = PBXFrameworksBuildPhase;
			buildActionMask = 2147483647;
			files = (
				9CF118841FEF6CA200281579 /* SDL2.framework in Frameworks */,
				9CF118851FEF6CA200281579 /* libfreetype.a in Frameworks */,
				9CF118861FEF6CA200281579 /* libpng16.a in Frameworks */,
			);
			runOnlyForDeploymentPostprocessing = 0;
		};
		9CF118941FEF716B00281579 /* Frameworks */ = {
			isa = PBXFrameworksBuildPhase;
			buildActionMask = 2147483647;
			files = (
				9CF118951FEF716B00281579 /* SDL2.framework in Frameworks */,
				9CF118961FEF716B00281579 /* libfreetype.a in Frameworks */,
				9CF118971FEF716B00281579 /* libpng16.a in Frameworks */,
			);
			runOnlyForDeploymentPostprocessing = 0;
		};
		9CF118A41FEF71F000281579 /* Frameworks */ = {
			isa = PBXFrameworksBuildPhase;
			buildActionMask = 2147483647;
			files = (
				9CF118A51FEF71F000281579 /* SDL2.framework in Frameworks */,
				9CF118A61FEF71F000281579 /* libfreetype.a in Frameworks */,
				9CF118A71FEF71F000281579 /* libpng16.a in Frameworks */,
			);
			runOnlyForDeploymentPostprocessing = 0;
		};
		9CF118B11FEF71F100281579 /* Frameworks */ = {
			isa = PBXFrameworksBuildPhase;
			buildActionMask = 2147483647;
			files = (
				9CF118B21FEF71F100281579 /* SDL2.framework in Frameworks */,
				9CF118B31FEF71F100281579 /* libfreetype.a in Frameworks */,
				9CF118B41FEF71F100281579 /* libpng16.a in Frameworks */,
			);
			runOnlyForDeploymentPostprocessing = 0;
		};
/* End PBXFrameworksBuildPhase section */

/* Begin PBXGroup section */
		9C666B8A1FD326C5001241FF /* Frameworks */ = {
			isa = PBXGroup;
			children = (
				9CF1187E1FEF6C0600281579 /* SDL2.framework */,
				9CF1187C1FEF6ADE00281579 /* libfreetype.a */,
				9CF1187A1FEF6AC900281579 /* libpng16.a */,
			);
			name = Frameworks;
			sourceTree = "<group>";
		};
		9CE83C681FB2555C0045B0C6 = {
			isa = PBXGroup;
			children = (
				9CF118A01FEF71E500281579 /* button.sj */,
				9CF1189F1FEF71E500281579 /* effect.sj */,
				9CF118901FEF715800281579 /* nau.sj */,
				9CF1188E1FEF6E3C00281579 /* layout.sj */,
				9CE83C721FB2555C0045B0C6 /* Products */,
				9C666B8A1FD326C5001241FF /* Frameworks */,
			);
			sourceTree = "<group>";
		};
		9CE83C721FB2555C0045B0C6 /* Products */ = {
			isa = PBXGroup;
			children = (
				9CF1188B1FEF6CA200281579 /* layout */,
				9CF1189D1FEF716B00281579 /* nau */,
				9CF118AD1FEF71F000281579 /* button */,
				9CF118BA1FEF71F100281579 /* effect */,
			);
			name = Products;
			sourceTree = "<group>";
		};
/* End PBXGroup section */

/* Begin PBXNativeTarget section */
		9CF118801FEF6CA200281579 /* layout */ = {
			isa = PBXNativeTarget;
			buildConfigurationList = 9CF118881FEF6CA200281579 /* Build configuration list for PBXNativeTarget "layout" */;
			buildPhases = (
				9CF118811FEF6CA200281579 /* Sources */,
				9CF118831FEF6CA200281579 /* Frameworks */,
				9CF118871FEF6CA200281579 /* CopyFiles */,
			);
			buildRules = (
				9CF1188D1FEF6DAC00281579 /* PBXBuildRule */,
			);
			dependencies = (
			);
			name = layout;
			productName = sjTest;
			productReference = 9CF1188B1FEF6CA200281579 /* layout */;
			productType = "com.apple.product-type.tool";
		};
		9CF118911FEF716B00281579 /* nau */ = {
			isa = PBXNativeTarget;
			buildConfigurationList = 9CF1189A1FEF716B00281579 /* Build configuration list for PBXNativeTarget "nau" */;
			buildPhases = (
				9CF118921FEF716B00281579 /* Sources */,
				9CF118941FEF716B00281579 /* Frameworks */,
				9CF118981FEF716B00281579 /* CopyFiles */,
			);
			buildRules = (
				9CF118991FEF716B00281579 /* PBXBuildRule */,
			);
			dependencies = (
			);
			name = nau;
			productName = sjTest;
			productReference = 9CF1189D1FEF716B00281579 /* nau */;
			productType = "com.apple.product-type.tool";
		};
		9CF118A11FEF71F000281579 /* button */ = {
			isa = PBXNativeTarget;
			buildConfigurationList = 9CF118AA1FEF71F000281579 /* Build configuration list for PBXNativeTarget "button" */;
			buildPhases = (
				9CF118A21FEF71F000281579 /* Sources */,
				9CF118A41FEF71F000281579 /* Frameworks */,
				9CF118A81FEF71F000281579 /* CopyFiles */,
			);
			buildRules = (
				9CF118A91FEF71F000281579 /* PBXBuildRule */,
			);
			dependencies = (
			);
			name = button;
			productName = sjTest;
			productReference = 9CF118AD1FEF71F000281579 /* button */;
			productType = "com.apple.product-type.tool";
		};
		9CF118AE1FEF71F100281579 /* effect */ = {
			isa = PBXNativeTarget;
			buildConfigurationList = 9CF118B71FEF71F100281579 /* Build configuration list for PBXNativeTarget "effect" */;
			buildPhases = (
				9CF118AF1FEF71F100281579 /* Sources */,
				9CF118B11FEF71F100281579 /* Frameworks */,
				9CF118B51FEF71F100281579 /* CopyFiles */,
			);
			buildRules = (
				9CF118B61FEF71F100281579 /* PBXBuildRule */,
			);
			dependencies = (
			);
			name = effect;
			productName = sjTest;
			productReference = 9CF118BA1FEF71F100281579 /* effect */;
			productType = "com.apple.product-type.tool";
		};
/* End PBXNativeTarget section */

/* Begin PBXProject section */
		9CE83C691FB2555C0045B0C6 /* Project object */ = {
			isa = PBXProject;
			attributes = {
				LastUpgradeCheck = 0900;
				ORGANIZATIONNAME = "Mann, Justin";
				TargetAttributes = {
					9CF118801FEF6CA200281579 = {
						ProvisioningStyle = Automatic;
					};
					9CF118911FEF716B00281579 = {
						ProvisioningStyle = Automatic;
					};
					9CF118A11FEF71F000281579 = {
						ProvisioningStyle = Automatic;
					};
					9CF118AE1FEF71F100281579 = {
						ProvisioningStyle = Automatic;
					};
				};
			};
			buildConfigurationList = 9CE83C6C1FB2555C0045B0C6 /* Build configuration list for PBXProject "layout" */;
			compatibilityVersion = "Xcode 8.0";
			developmentRegion = en;
			hasScannedForEncodings = 0;
			knownRegions = (
				en,
			);
			mainGroup = 9CE83C681FB2555C0045B0C6;
			productRefGroup = 9CE83C721FB2555C0045B0C6 /* Products */;
			projectDirPath = "";
			projectRoot = "";
			targets = (
				9CF118801FEF6CA200281579 /* layout */,
				9CF118911FEF716B00281579 /* nau */,
				9CF118A11FEF71F000281579 /* button */,
				9CF118AE1FEF71F100281579 /* effect */,
			);
		};
/* End PBXProject section */

/* Begin PBXSourcesBuildPhase section */
		9CF118811FEF6CA200281579 /* Sources */ = {
			isa = PBXSourcesBuildPhase;
			buildActionMask = 2147483647;
			files = (
				9CF1188F1FEF6E4500281579 /* layout.sj in Sources */,
			);
			runOnlyForDeploymentPostprocessing = 0;
		};
		9CF118921FEF716B00281579 /* Sources */ = {
			isa = PBXSourcesBuildPhase;
			buildActionMask = 2147483647;
			files = (
				9CF1189E1FEF717700281579 /* nau.sj in Sources */,
			);
			runOnlyForDeploymentPostprocessing = 0;
		};
		9CF118A21FEF71F000281579 /* Sources */ = {
			isa = PBXSourcesBuildPhase;
			buildActionMask = 2147483647;
			files = (
				9CF118BC1FEF720F00281579 /* button.sj in Sources */,
			);
			runOnlyForDeploymentPostprocessing = 0;
		};
		9CF118AF1FEF71F100281579 /* Sources */ = {
			isa = PBXSourcesBuildPhase;
			buildActionMask = 2147483647;
			files = (
				9CF118BB1FEF720900281579 /* effect.sj in Sources */,
			);
			runOnlyForDeploymentPostprocessing = 0;
		};
/* End PBXSourcesBuildPhase section */

/* Begin XCBuildConfiguration section */
		9CE83C761FB2555C0045B0C6 /* Debug */ = {
			isa = XCBuildConfiguration;
			buildSettings = {
				ALWAYS_SEARCH_USER_PATHS = NO;
				CLANG_ANALYZER_NONNULL = YES;
				CLANG_ANALYZER_NUMBER_OBJECT_CONVERSION = YES_AGGRESSIVE;
				CLANG_CXX_LANGUAGE_STANDARD = "gnu++14";
				CLANG_CXX_LIBRARY = "libc++";
				CLANG_ENABLE_MODULES = YES;
				CLANG_ENABLE_OBJC_ARC = YES;
				CLANG_WARN_BLOCK_CAPTURE_AUTORELEASING = YES;
				CLANG_WARN_BOOL_CONVERSION = YES;
				CLANG_WARN_COMMA = YES;
				CLANG_WARN_CONSTANT_CONVERSION = YES;
				CLANG_WARN_DIRECT_OBJC_ISA_USAGE = YES_ERROR;
				CLANG_WARN_DOCUMENTATION_COMMENTS = YES;
				CLANG_WARN_EMPTY_BODY = YES;
				CLANG_WARN_ENUM_CONVERSION = YES;
				CLANG_WARN_INFINITE_RECURSION = YES;
				CLANG_WARN_INT_CONVERSION = YES;
				CLANG_WARN_NON_LITERAL_NULL_CONVERSION = YES;
				CLANG_WARN_OBJC_LITERAL_CONVERSION = YES;
				CLANG_WARN_OBJC_ROOT_CLASS = YES_ERROR;
				CLANG_WARN_RANGE_LOOP_ANALYSIS = YES;
				CLANG_WARN_STRICT_PROTOTYPES = YES;
				CLANG_WARN_SUSPICIOUS_MOVE = YES;
				CLANG_WARN_UNGUARDED_AVAILABILITY = YES_AGGRESSIVE;
				CLANG_WARN_UNREACHABLE_CODE = YES;
				CLANG_WARN__DUPLICATE_METHOD_MATCH = YES;
				CODE_SIGN_IDENTITY = "-";
				COPY_PHASE_STRIP = NO;
				DEBUG_INFORMATION_FORMAT = dwarf;
				ENABLE_STRICT_OBJC_MSGSEND = YES;
				ENABLE_TESTABILITY = YES;
				GCC_C_LANGUAGE_STANDARD = gnu11;
				GCC_DYNAMIC_NO_PIC = NO;
				GCC_NO_COMMON_BLOCKS = YES;
				GCC_OPTIMIZATION_LEVEL = 0;
				GCC_PREPROCESSOR_DEFINITIONS = (
					"DEBUG=1",
					"$(inherited)",
				);
				GCC_WARN_64_TO_32_BIT_CONVERSION = YES;
				GCC_WARN_ABOUT_RETURN_TYPE = YES_ERROR;
				GCC_WARN_UNDECLARED_SELECTOR = YES;
				GCC_WARN_UNINITIALIZED_AUTOS = YES_AGGRESSIVE;
				GCC_WARN_UNUSED_FUNCTION = YES;
				GCC_WARN_UNUSED_VARIABLE = YES;
				MACOSX_DEPLOYMENT_TARGET = 10.12;
				MTL_ENABLE_DEBUG_INFO = YES;
				ONLY_ACTIVE_ARCH = YES;
				SDKROOT = macosx;
			};
			name = Debug;
		};
		9CE83C771FB2555C0045B0C6 /* Release */ = {
			isa = XCBuildConfiguration;
			buildSettings = {
				ALWAYS_SEARCH_USER_PATHS = NO;
				CLANG_ANALYZER_NONNULL = YES;
				CLANG_ANALYZER_NUMBER_OBJECT_CONVERSION = YES_AGGRESSIVE;
				CLANG_CXX_LANGUAGE_STANDARD = "gnu++14";
				CLANG_CXX_LIBRARY = "libc++";
				CLANG_ENABLE_MODULES = YES;
				CLANG_ENABLE_OBJC_ARC = YES;
				CLANG_WARN_BLOCK_CAPTURE_AUTORELEASING = YES;
				CLANG_WARN_BOOL_CONVERSION = YES;
				CLANG_WARN_COMMA = YES;
				CLANG_WARN_CONSTANT_CONVERSION = YES;
				CLANG_WARN_DIRECT_OBJC_ISA_USAGE = YES_ERROR;
				CLANG_WARN_DOCUMENTATION_COMMENTS = YES;
				CLANG_WARN_EMPTY_BODY = YES;
				CLANG_WARN_ENUM_CONVERSION = YES;
				CLANG_WARN_INFINITE_RECURSION = YES;
				CLANG_WARN_INT_CONVERSION = YES;
				CLANG_WARN_NON_LITERAL_NULL_CONVERSION = YES;
				CLANG_WARN_OBJC_LITERAL_CONVERSION = YES;
				CLANG_WARN_OBJC_ROOT_CLASS = YES_ERROR;
				CLANG_WARN_RANGE_LOOP_ANALYSIS = YES;
				CLANG_WARN_STRICT_PROTOTYPES = YES;
				CLANG_WARN_SUSPICIOUS_MOVE = YES;
				CLANG_WARN_UNGUARDED_AVAILABILITY = YES_AGGRESSIVE;
				CLANG_WARN_UNREACHABLE_CODE = YES;
				CLANG_WARN__DUPLICATE_METHOD_MATCH = YES;
				CODE_SIGN_IDENTITY = "-";
				COPY_PHASE_STRIP = NO;
				DEBUG_INFORMATION_FORMAT = "dwarf-with-dsym";
				ENABLE_NS_ASSERTIONS = NO;
				ENABLE_STRICT_OBJC_MSGSEND = YES;
				GCC_C_LANGUAGE_STANDARD = gnu11;
				GCC_NO_COMMON_BLOCKS = YES;
				GCC_WARN_64_TO_32_BIT_CONVERSION = YES;
				GCC_WARN_ABOUT_RETURN_TYPE = YES_ERROR;
				GCC_WARN_UNDECLARED_SELECTOR = YES;
				GCC_WARN_UNINITIALIZED_AUTOS = YES_AGGRESSIVE;
				GCC_WARN_UNUSED_FUNCTION = YES;
				GCC_WARN_UNUSED_VARIABLE = YES;
				MACOSX_DEPLOYMENT_TARGET = 10.12;
				MTL_ENABLE_DEBUG_INFO = NO;
				SDKROOT = macosx;
			};
			name = Release;
		};
		9CF118891FEF6CA200281579 /* Debug */ = {
			isa = XCBuildConfiguration;
			buildSettings = {
				CODE_SIGN_STYLE = Automatic;
				FRAMEWORK_SEARCH_PATHS = (
					"$(inherited)",
					"$(LOCAL_LIBRARY_DIR)/Frameworks",
				);
				HEADER_SEARCH_PATHS = (
					/usr/local/include/freetype2,
					/usr/local/include/libpng16,
					..,
				);
				LIBRARY_SEARCH_PATHS = (
					"$(inherited)",
					/usr/local/Cellar/freetype/2.8.1/lib,
					/usr/local/lib,
					/usr/local/Cellar/libpng/1.6.34/lib,
				);
				PRODUCT_NAME = "$(TARGET_NAME)";
			};
			name = Debug;
		};
		9CF1188A1FEF6CA200281579 /* Release */ = {
			isa = XCBuildConfiguration;
			buildSettings = {
				CODE_SIGN_STYLE = Automatic;
				FRAMEWORK_SEARCH_PATHS = (
					"$(inherited)",
					"$(LOCAL_LIBRARY_DIR)/Frameworks",
				);
				HEADER_SEARCH_PATHS = (
					/usr/local/include/freetype2,
					/usr/local/include/libpng16,
					..,
				);
				LIBRARY_SEARCH_PATHS = (
					"$(inherited)",
					/usr/local/Cellar/freetype/2.8.1/lib,
					/usr/local/lib,
					/usr/local/Cellar/libpng/1.6.34/lib,
				);
				PRODUCT_NAME = "$(TARGET_NAME)";
			};
			name = Release;
		};
		9CF1189B1FEF716B00281579 /* Debug */ = {
			isa = XCBuildConfiguration;
			buildSettings = {
				CODE_SIGN_STYLE = Automatic;
				FRAMEWORK_SEARCH_PATHS = (
					"$(inherited)",
					"$(LOCAL_LIBRARY_DIR)/Frameworks",
				);
				HEADER_SEARCH_PATHS = (
					/usr/local/include/freetype2,
					/usr/local/include/libpng16,
					..,
				);
				LIBRARY_SEARCH_PATHS = (
					"$(inherited)",
					/usr/local/Cellar/freetype/2.8.1/lib,
					/usr/local/lib,
					/usr/local/Cellar/libpng/1.6.34/lib,
				);
				PRODUCT_NAME = "$(TARGET_NAME)";
			};
			name = Debug;
		};
		9CF1189C1FEF716B00281579 /* Release */ = {
			isa = XCBuildConfiguration;
			buildSettings = {
				CODE_SIGN_STYLE = Automatic;
				FRAMEWORK_SEARCH_PATHS = (
					"$(inherited)",
					"$(LOCAL_LIBRARY_DIR)/Frameworks",
				);
				HEADER_SEARCH_PATHS = (
					/usr/local/include/freetype2,
					/usr/local/include/libpng16,
					..,
				);
				LIBRARY_SEARCH_PATHS = (
					"$(inherited)",
					/usr/local/Cellar/freetype/2.8.1/lib,
					/usr/local/lib,
					/usr/local/Cellar/libpng/1.6.34/lib,
				);
				PRODUCT_NAME = "$(TARGET_NAME)";
			};
			name = Release;
		};
		9CF118AB1FEF71F000281579 /* Debug */ = {
			isa = XCBuildConfiguration;
			buildSettings = {
				CODE_SIGN_STYLE = Automatic;
				FRAMEWORK_SEARCH_PATHS = (
					"$(inherited)",
					"$(LOCAL_LIBRARY_DIR)/Frameworks",
				);
				HEADER_SEARCH_PATHS = (
					/usr/local/include/freetype2,
					/usr/local/include/libpng16,
					..,
				);
				LIBRARY_SEARCH_PATHS = (
					"$(inherited)",
					/usr/local/Cellar/freetype/2.8.1/lib,
					/usr/local/lib,
					/usr/local/Cellar/libpng/1.6.34/lib,
				);
				PRODUCT_NAME = "$(TARGET_NAME)";
			};
			name = Debug;
		};
		9CF118AC1FEF71F000281579 /* Release */ = {
			isa = XCBuildConfiguration;
			buildSettings = {
				CODE_SIGN_STYLE = Automatic;
				FRAMEWORK_SEARCH_PATHS = (
					"$(inherited)",
					"$(LOCAL_LIBRARY_DIR)/Frameworks",
				);
				HEADER_SEARCH_PATHS = (
					/usr/local/include/freetype2,
					/usr/local/include/libpng16,
					..,
				);
				LIBRARY_SEARCH_PATHS = (
					"$(inherited)",
					/usr/local/Cellar/freetype/2.8.1/lib,
					/usr/local/lib,
					/usr/local/Cellar/libpng/1.6.34/lib,
				);
				PRODUCT_NAME = "$(TARGET_NAME)";
			};
			name = Release;
		};
		9CF118B81FEF71F100281579 /* Debug */ = {
			isa = XCBuildConfiguration;
			buildSettings = {
				CODE_SIGN_STYLE = Automatic;
				FRAMEWORK_SEARCH_PATHS = (
					"$(inherited)",
					"$(LOCAL_LIBRARY_DIR)/Frameworks",
				);
				HEADER_SEARCH_PATHS = (
					/usr/local/include/freetype2,
					/usr/local/include/libpng16,
					..,
				);
				LIBRARY_SEARCH_PATHS = (
					"$(inherited)",
					/usr/local/Cellar/freetype/2.8.1/lib,
					/usr/local/lib,
					/usr/local/Cellar/libpng/1.6.34/lib,
				);
				PRODUCT_NAME = "$(TARGET_NAME)";
			};
			name = Debug;
		};
		9CF118B91FEF71F100281579 /* Release */ = {
			isa = XCBuildConfiguration;
			buildSettings = {
				CODE_SIGN_STYLE = Automatic;
				FRAMEWORK_SEARCH_PATHS = (
					"$(inherited)",
					"$(LOCAL_LIBRARY_DIR)/Frameworks",
				);
				HEADER_SEARCH_PATHS = (
					/usr/local/include/freetype2,
					/usr/local/include/libpng16,
					..,
				);
				LIBRARY_SEARCH_PATHS = (
					"$(inherited)",
					/usr/local/Cellar/freetype/2.8.1/lib,
					/usr/local/lib,
					/usr/local/Cellar/libpng/1.6.34/lib,
				);
				PRODUCT_NAME = "$(TARGET_NAME)";
			};
			name = Release;
		};
/* End XCBuildConfiguration section */

/* Begin XCConfigurationList section */
		9CE83C6C1FB2555C0045B0C6 /* Build configuration list for PBXProject "layout" */ = {
			isa = XCConfigurationList;
			buildConfigurations = (
				9CE83C761FB2555C0045B0C6 /* Debug */,
				9CE83C771FB2555C0045B0C6 /* Release */,
			);
			defaultConfigurationIsVisible = 0;
			defaultConfigurationName = Release;
		};
		9CF118881FEF6CA200281579 /* Build configuration list for PBXNativeTarget "layout" */ = {
			isa = XCConfigurationList;
			buildConfigurations = (
				9CF118891FEF6CA200281579 /* Debug */,
				9CF1188A1FEF6CA200281579 /* Release */,
			);
			defaultConfigurationIsVisible = 0;
			defaultConfigurationName = Release;
		};
		9CF1189A1FEF716B00281579 /* Build configuration list for PBXNativeTarget "nau" */ = {
			isa = XCConfigurationList;
			buildConfigurations = (
				9CF1189B1FEF716B00281579 /* Debug */,
				9CF1189C1FEF716B00281579 /* Release */,
			);
			defaultConfigurationIsVisible = 0;
			defaultConfigurationName = Release;
		};
		9CF118AA1FEF71F000281579 /* Build configuration list for PBXNativeTarget "button" */ = {
			isa = XCConfigurationList;
			buildConfigurations = (
				9CF118AB1FEF71F000281579 /* Debug */,
				9CF118AC1FEF71F000281579 /* Release */,
			);
			defaultConfigurationIsVisible = 0;
			defaultConfigurationName = Release;
		};
		9CF118B71FEF71F100281579 /* Build configuration list for PBXNativeTarget "effect" */ = {
			isa = XCConfigurationList;
			buildConfigurations = (
				9CF118B81FEF71F100281579 /* Debug */,
				9CF118B91FEF71F100281579 /* Release */,
			);
			defaultConfigurationIsVisible = 0;
			defaultConfigurationName = Release;
		};
/* End XCConfigurationList section */
	};
	rootObject = 9CE83C691FB2555C0045B0C6 /* Project object */;
}
