<?xml version="1.0" encoding="utf-8"?>
<Project ToolsVersion="4.0" xmlns="http://schemas.microsoft.com/developer/msbuild/2003">
  <ItemGroup>
    <Filter Include="Source Files">
      <UniqueIdentifier>{4FC737F1-C7A5-4376-A066-2A32D752A2FF}</UniqueIdentifier>
      <Extensions>cpp;c;cc;cxx;def;odl;idl;hpj;bat;asm;asmx</Extensions>
    </Filter>
    <Filter Include="Resource Files">
      <UniqueIdentifier>{67DA6AB6-F800-4c08-8B7A-83BB121AAD01}</UniqueIdentifier>
      <Extensions>rc;ico;cur;bmp;dlg;rc2;rct;bin;rgs;gif;jpg;jpeg;jpe;resx;tiff;tif;png;wav;mfcribbon-ms</Extensions>
    </Filter>
    <Filter Include="Source Files\nau">
      <UniqueIdentifier>{12116313-424b-4601-9c8e-d0b2bab3c434}</UniqueIdentifier>
    </Filter>
    <Filter Include="Source Files\common">
      <UniqueIdentifier>{b7128b02-c92c-4aa7-b2ac-928aa23a78d2}</UniqueIdentifier>
    </Filter>
    <Filter Include="Source Files\ui">
      <UniqueIdentifier>{1d128cca-063e-405f-ab06-83d82e035617}</UniqueIdentifier>
    </Filter>
    <Filter Include="Source Files\shaders">
      <UniqueIdentifier>{9e75cb9b-fea1-41e6-b764-c8837c1417f2}</UniqueIdentifier>
    </Filter>
  </ItemGroup>
  <ItemGroup>
    <CustomBuild Include="..\..\..\..\..\src\sj\tests\app\nau.sj">
      <Filter>Source Files</Filter>
    </CustomBuild>
  </ItemGroup>
  <ItemGroup>
    <ClCompile Include="..\..\..\..\..\src\sj\tests\app\nau.c">
      <Filter>Source Files</Filter>
    </ClCompile>
    <ClCompile Include="..\lib\ui\obj_parser.c">
      <Filter>Source Files\ui</Filter>
    </ClCompile>
  </ItemGroup>
  <ItemGroup>
    <None Include="..\nau\fieldScene.sj">
      <Filter>Source Files\nau</Filter>
    </None>
    <None Include="..\nau\init.sj">
      <Filter>Source Files\nau</Filter>
    </None>
    <None Include="..\nau\leafPanel.sj">
      <Filter>Source Files\nau</Filter>
    </None>
    <None Include="..\nau\mainPanel.sj">
      <Filter>Source Files\nau</Filter>
    </None>
    <None Include="..\nau\menuScene.sj">
      <Filter>Source Files\nau</Filter>
    </None>
    <None Include="..\nau\nauScene3dElement.sj">
      <Filter>Source Files\nau</Filter>
    </None>
    <None Include="..\nau\peoplePanel.sj">
      <Filter>Source Files\nau</Filter>
    </None>
    <None Include="..\nau\personElement.sj">
      <Filter>Source Files\nau</Filter>
    </None>
    <None Include="..\lib\common\array.sj">
      <Filter>Source Files\common</Filter>
    </None>
    <None Include="..\lib\common\bool.sj">
      <Filter>Source Files\common</Filter>
    </None>
    <None Include="..\lib\common\common.sj">
      <Filter>Source Files\common</Filter>
    </None>
    <None Include="..\lib\common\console.sj">
      <Filter>Source Files\common</Filter>
    </None>
    <None Include="..\lib\common\debug.sj">
      <Filter>Source Files\common</Filter>
    </None>
    <None Include="..\lib\common\f32.sj">
      <Filter>Source Files\common</Filter>
    </None>
    <None Include="..\lib\common\halt.sj">
      <Filter>Source Files\common</Filter>
    </None>
    <None Include="..\lib\common\hash.sj">
      <Filter>Source Files\common</Filter>
    </None>
    <None Include="..\lib\common\i32.sj">
      <Filter>Source Files\common</Filter>
    </None>
    <None Include="..\lib\common\list.sj">
      <Filter>Source Files\common</Filter>
    </None>
    <None Include="..\lib\common\string.sj">
      <Filter>Source Files\common</Filter>
    </None>
    <None Include="..\lib\common\tuple.sj">
      <Filter>Source Files\common</Filter>
    </None>
    <None Include="..\lib\common\weakptr.sj">
      <Filter>Source Files\common</Filter>
    </None>
    <None Include="..\lib\ui\animation.sj">
      <Filter>Source Files\ui</Filter>
    </None>
    <None Include="..\lib\ui\blurEffect.sj">
      <Filter>Source Files\ui</Filter>
    </None>
    <None Include="..\lib\ui\borderLayout.sj">
      <Filter>Source Files\ui</Filter>
    </None>
    <None Include="..\lib\ui\boxElement.sj">
      <Filter>Source Files\ui</Filter>
    </None>
    <None Include="..\lib\ui\boxRenderer.sj">
      <Filter>Source Files\ui</Filter>
    </None>
    <None Include="..\lib\ui\boxVertexBuffer.sj">
      <Filter>Source Files\ui</Filter>
    </None>
    <None Include="..\lib\ui\buttonElement.sj">
      <Filter>Source Files\ui</Filter>
    </None>
    <None Include="..\lib\ui\centerLayout.sj">
      <Filter>Source Files\ui</Filter>
    </None>
    <None Include="..\lib\ui\clickGesture.sj">
      <Filter>Source Files\ui</Filter>
    </None>
    <None Include="..\lib\ui\color.sj">
      <Filter>Source Files\ui</Filter>
    </None>
    <None Include="..\lib\ui\crossFadeElement.sj">
      <Filter>Source Files\ui</Filter>
    </None>
    <None Include="..\lib\ui\crossHairsElement.sj">
      <Filter>Source Files\ui</Filter>
    </None>
    <None Include="..\lib\ui\distanceField.sj">
      <Filter>Source Files\ui</Filter>
    </None>
    <None Include="..\lib\ui\edtaa3func.sj">
      <Filter>Source Files\ui</Filter>
    </None>
    <None Include="..\lib\ui\effect.sj">
      <Filter>Source Files\ui</Filter>
    </None>
    <None Include="..\lib\ui\element.sj">
      <Filter>Source Files\ui</Filter>
    </None>
    <None Include="..\lib\ui\fadeEffect.sj">
      <Filter>Source Files\ui</Filter>
    </None>
    <None Include="..\lib\ui\fillLayout.sj">
      <Filter>Source Files\ui</Filter>
    </None>
    <None Include="..\lib\ui\flowLayout.sj">
      <Filter>Source Files\ui</Filter>
    </None>
    <None Include="..\lib\ui\font.sj">
      <Filter>Source Files\ui</Filter>
    </None>
    <None Include="..\lib\ui\framebuffer.sj">
      <Filter>Source Files\ui</Filter>
    </None>
    <None Include="..\lib\ui\gl.sj">
      <Filter>Source Files\ui</Filter>
    </None>
    <None Include="..\lib\ui\gridLayout.sj">
      <Filter>Source Files\ui</Filter>
    </None>
    <None Include="..\lib\ui\image.sj">
      <Filter>Source Files\ui</Filter>
    </None>
    <None Include="..\lib\ui\imageElement.sj">
      <Filter>Source Files\ui</Filter>
    </None>
    <None Include="..\lib\ui\imageRenderer.sj">
      <Filter>Source Files\ui</Filter>
    </None>
    <None Include="..\lib\ui\init.sj">
      <Filter>Source Files\ui</Filter>
    </None>
    <None Include="..\lib\ui\listLayout.sj">
      <Filter>Source Files\ui</Filter>
    </None>
    <None Include="..\lib\ui\loop.sj">
      <Filter>Source Files\ui</Filter>
    </None>
    <None Include="..\lib\ui\margin.sj">
      <Filter>Source Files\ui</Filter>
    </None>
    <None Include="..\lib\ui\mat4.sj">
      <Filter>Source Files\ui</Filter>
    </None>
    <None Include="..\lib\ui\model.sj">
      <Filter>Source Files\ui</Filter>
    </None>
    <None Include="..\lib\ui\mouse.sj">
      <Filter>Source Files\ui</Filter>
    </None>
    <None Include="..\lib\ui\panel3d.sj">
      <Filter>Source Files\ui</Filter>
    </None>
    <None Include="..\lib\ui\point.sj">
      <Filter>Source Files\ui</Filter>
    </None>
    <None Include="..\lib\ui\property.sj">
      <Filter>Source Files\ui</Filter>
    </None>
    <None Include="..\lib\ui\rect.sj">
      <Filter>Source Files\ui</Filter>
    </None>
    <None Include="..\lib\ui\renderbuffer.sj">
      <Filter>Source Files\ui</Filter>
    </None>
    <None Include="..\lib\ui\saturateEffect.sj">
      <Filter>Source Files\ui</Filter>
    </None>
    <None Include="..\lib\ui\scene2d.sj">
      <Filter>Source Files\ui</Filter>
    </None>
    <None Include="..\lib\ui\scene2dModel.sj">
      <Filter>Source Files\ui</Filter>
    </None>
    <None Include="..\lib\ui\scene3dElement.sj">
      <Filter>Source Files\ui</Filter>
    </None>
    <None Include="..\lib\ui\scenebuffer.sj">
      <Filter>Source Files\ui</Filter>
    </None>
    <None Include="..\lib\ui\shader.sj">
      <Filter>Source Files\ui</Filter>
    </None>
    <None Include="..\lib\ui\size.sj">
      <Filter>Source Files\ui</Filter>
    </None>
    <None Include="..\lib\ui\style.sj">
      <Filter>Source Files\ui</Filter>
    </None>
    <None Include="..\lib\ui\textElement.sj">
      <Filter>Source Files\ui</Filter>
    </None>
    <None Include="..\lib\ui\textRenderer.sj">
      <Filter>Source Files\ui</Filter>
    </None>
    <None Include="..\lib\ui\texture.sj">
      <Filter>Source Files\ui</Filter>
    </None>
    <None Include="..\lib\ui\textureAtlas.sj">
      <Filter>Source Files\ui</Filter>
    </None>
    <None Include="..\lib\ui\textureFont.sj">
      <Filter>Source Files\ui</Filter>
    </None>
    <None Include="..\lib\ui\ui.sj">
      <Filter>Source Files\ui</Filter>
    </None>
    <None Include="..\lib\ui\utf8.sj">
      <Filter>Source Files\ui</Filter>
    </None>
    <None Include="..\lib\ui\vec2.sj">
      <Filter>Source Files\ui</Filter>
    </None>
    <None Include="..\lib\ui\vec3.sj">
      <Filter>Source Files\ui</Filter>
    </None>
    <None Include="..\lib\ui\vec4.sj">
      <Filter>Source Files\ui</Filter>
    </None>
    <None Include="..\lib\ui\vector.sj">
      <Filter>Source Files\ui</Filter>
    </None>
    <None Include="..\lib\ui\vectorAttribute.sj">
      <Filter>Source Files\ui</Filter>
    </None>
    <None Include="..\lib\ui\vertexBuffer.sj">
      <Filter>Source Files\ui</Filter>
    </None>
    <None Include="..\lib\ui\vertexBufferBuilders.sj">
      <Filter>Source Files\ui</Filter>
    </None>
    <None Include="..\lib\ui\windowRenderer.sj">
      <Filter>Source Files\ui</Filter>
    </None>
    <None Include="..\shaders\blur-horizontal.frag">
      <Filter>Source Files\shaders</Filter>
    </None>
    <None Include="..\shaders\blur-vertical.frag">
      <Filter>Source Files\shaders</Filter>
    </None>
    <None Include="..\shaders\cube.frag">
      <Filter>Source Files\shaders</Filter>
    </None>
    <None Include="..\shaders\cube.vert">
      <Filter>Source Files\shaders</Filter>
    </None>
    <None Include="..\shaders\distance-field.frag">
      <Filter>Source Files\shaders</Filter>
    </None>
    <None Include="..\shaders\distance-field.vert">
      <Filter>Source Files\shaders</Filter>
    </None>
    <None Include="..\shaders\distance-field-2.frag">
      <Filter>Source Files\shaders</Filter>
    </None>
    <None Include="..\shaders\fade.frag">
      <Filter>Source Files\shaders</Filter>
    </None>
    <None Include="..\shaders\saturate.frag">
      <Filter>Source Files\shaders</Filter>
    </None>
    <None Include="..\shaders\text.frag">
      <Filter>Source Files\shaders</Filter>
    </None>
    <None Include="..\shaders\text.vert">
      <Filter>Source Files\shaders</Filter>
    </None>
    <None Include="..\shaders\v3f-c4f.frag">
      <Filter>Source Files\shaders</Filter>
    </None>
    <None Include="..\shaders\v3f-c4f.vert">
      <Filter>Source Files\shaders</Filter>
    </None>
    <None Include="..\shaders\v3f-n3f.frag">
      <Filter>Source Files\shaders</Filter>
    </None>
    <None Include="..\shaders\v3f-n3f.vert">
      <Filter>Source Files\shaders</Filter>
    </None>
    <None Include="..\shaders\v3f-n3f-phong.frag">
      <Filter>Source Files\shaders</Filter>
    </None>
    <None Include="..\shaders\v3f-n3f-phong.vert">
      <Filter>Source Files\shaders</Filter>
    </None>
    <None Include="..\shaders\v3f-t2f.frag">
      <Filter>Source Files\shaders</Filter>
    </None>
    <None Include="..\shaders\v3f-t2f.vert">
      <Filter>Source Files\shaders</Filter>
    </None>
    <None Include="..\shaders\v3f-t2f-c4f.frag">
      <Filter>Source Files\shaders</Filter>
    </None>
    <None Include="..\shaders\v3f-t2f-c4f.vert">
      <Filter>Source Files\shaders</Filter>
    </None>
    <None Include="..\shaders\v3f-t2f-n3f-phong.frag">
      <Filter>Source Files\shaders</Filter>
    </None>
    <None Include="..\shaders\v3f-t2f-n3f-phong.vert">
      <Filter>Source Files\shaders</Filter>
    </None>
    <None Include="..\nau\fieldController.sj">
      <Filter>Source Files\nau</Filter>
    </None>
    <None Include="..\nau\menuController.sj">
      <Filter>Source Files\nau</Filter>
    </None>
    <None Include="..\nau\forestController.sj">
      <Filter>Source Files\nau</Filter>
    </None>
    <None Include="..\nau\forestScene.sj">
      <Filter>Source Files\nau</Filter>
    </None>
  </ItemGroup>
  <ItemGroup>
    <ClInclude Include="..\lib\common\khash.h">
      <Filter>Source Files\common</Filter>
    </ClInclude>
    <ClInclude Include="..\lib\common\value_option_types.h">
      <Filter>Source Files\common</Filter>
    </ClInclude>
    <ClInclude Include="..\lib\ui\obj_parser.h">
      <Filter>Source Files\ui</Filter>
    </ClInclude>
  </ItemGroup>
</Project>